
Microsoft Visual Studio Solution File, Format Version 11.00
# Visual Studio 2010
Project("{FAE04EC0-301F-11D3-BF4B-00C04F79EFBC}") = "Test1", "Test1\Test1.csproj", "{EFEE8BBC-CD0D-4F10-A8F8-C8DF4B27AE82}"
EndProject
Global
	GlobalSection(SolutionConfigurationPlatforms) = preSolution
		Debug|x86 = Debug|x86
		Release|x86 = Release|x86
	EndGlobalSection
	GlobalSection(ProjectConfigurationPlatforms) = postSolution
		{EFEE8BBC-CD0D-4F10-A8F8-C8DF4B27AE82}.Debug|x86.ActiveCfg = Debug|x86
		{EFEE8BBC-CD0D-4F10-A8F8-C8DF4B27AE82}.Debug|x86.Build.0 = Debug|x86
		{EFEE8BBC-CD0D-4F10-A8F8-C8DF4B27AE82}.Release|x86.ActiveCfg = Release|x86
		{EFEE8BBC-CD0D-4F10-A8F8-C8DF4B27AE82}.Release|x86.Build.0 = Release|x86
	EndGlobalSection
	GlobalSection(SolutionProperties) = preSolution
		HideSolutionNode = FALSE
	EndGlobalSection
EndGlobal
